
Microsoft Visual Studio Solution File, Format Version 12.00
# Visual Studio Version 16
VisualStudioVersion = 16.0.29215.179
MinimumVisualStudioVersion = 10.0.40219.1
Project("{FAE04EC0-301F-11D3-BF4B-00C04F79EFBC}") = "AulaDotNetCore.Dominio", "AulaDotNetCore.Dominio\AulaDotNetCore.Dominio.csproj", "{23D73C1F-7351-4197-B860-67ADDC1C7AB8}"
EndProject
Project("{FAE04EC0-301F-11D3-BF4B-00C04F79EFBC}") = "AulaDotNetCore.Repositorio", "AulaDotNetCore.Repositorio\AulaDotNetCore.Repositorio.csproj", "{C576C080-BFB1-4B9F-97D9-CC020C228E9C}"
EndProject
Project("{FAE04EC0-301F-11D3-BF4B-00C04F79EFBC}") = "AulaDotNetCore.Web", "AulaDotNetCore.Web\AulaDotNetCore.Web.csproj", "{611D0758-28DE-49D5-8877-D627A99F4804}"
EndProject
Global
	GlobalSection(SolutionConfigurationPlatforms) = preSolution
		Debug|Any CPU = Debug|Any CPU
		Release|Any CPU = Release|Any CPU
	EndGlobalSection
	GlobalSection(ProjectConfigurationPlatforms) = postSolution
		{23D73C1F-7351-4197-B860-67ADDC1C7AB8}.Debug|Any CPU.ActiveCfg = Debug|Any CPU
		{23D73C1F-7351-4197-B860-67ADDC1C7AB8}.Debug|Any CPU.Build.0 = Debug|Any CPU
		{23D73C1F-7351-4197-B860-67ADDC1C7AB8}.Release|Any CPU.ActiveCfg = Release|Any CPU
		{23D73C1F-7351-4197-B860-67ADDC1C7AB8}.Release|Any CPU.Build.0 = Release|Any CPU
		{C576C080-BFB1-4B9F-97D9-CC020C228E9C}.Debug|Any CPU.ActiveCfg = Debug|Any CPU
		{C576C080-BFB1-4B9F-97D9-CC020C228E9C}.Debug|Any CPU.Build.0 = Debug|Any CPU
		{C576C080-BFB1-4B9F-97D9-CC020C228E9C}.Release|Any CPU.ActiveCfg = Release|Any CPU
		{C576C080-BFB1-4B9F-97D9-CC020C228E9C}.Release|Any CPU.Build.0 = Release|Any CPU
		{611D0758-28DE-49D5-8877-D627A99F4804}.Debug|Any CPU.ActiveCfg = Debug|Any CPU
		{611D0758-28DE-49D5-8877-D627A99F4804}.Debug|Any CPU.Build.0 = Debug|Any CPU
		{611D0758-28DE-49D5-8877-D627A99F4804}.Release|Any CPU.ActiveCfg = Release|Any CPU
		{611D0758-28DE-49D5-8877-D627A99F4804}.Release|Any CPU.Build.0 = Release|Any CPU
	EndGlobalSection
	GlobalSection(SolutionProperties) = preSolution
		HideSolutionNode = FALSE
	EndGlobalSection
	GlobalSection(ExtensibilityGlobals) = postSolution
		SolutionGuid = {C609BC07-9C9B-4960-BBFE-6C844128A65B}
	EndGlobalSection
EndGlobal
